
Microsoft Visual Studio Solution File, Format Version 12.00
# Visual Studio Version 16
VisualStudioVersion = 16.0.32413.511
MinimumVisualStudioVersion = 10.0.40219.1
Project("{FAE04EC0-301F-11D3-BF4B-00C04F79EFBC}") = "symphony_limited", "symphony_limited\symphony_limited.csproj", "{6A7C08E7-7969-4474-9B9E-24B678E55C2C}"
EndProject
Project("{9A19103F-16F7-4668-BE54-9A1E7A4F7556}") = "Test_Blog", "D:\E-soft\Test_Blog\Test_Blog\Test_Blog.csproj", "{E5C7F996-96BB-43EB-96B7-968CBAC26D4D}"
EndProject
Project("{9A19103F-16F7-4668-BE54-9A1E7A4F7556}") = "Blog_Movie", "D:\E-soft\Blog_Movie\Blog_Movie.csproj", "{1B8D03BE-1269-4687-80DA-03AEC7529A9F}"
EndProject
Project("{9A19103F-16F7-4668-BE54-9A1E7A4F7556}") = "MG_Blogs", "D:\E-soft\Movie_Create\MG_Blogs\MG_Blogs.csproj", "{485AF35D-F3C0-46AE-A5C5-3025C1653153}"
EndProject
Global
	GlobalSection(SolutionConfigurationPlatforms) = preSolution
		Debug|Any CPU = Debug|Any CPU
		Release|Any CPU = Release|Any CPU
	EndGlobalSection
	GlobalSection(ProjectConfigurationPlatforms) = postSolution
		{6A7C08E7-7969-4474-9B9E-24B678E55C2C}.Debug|Any CPU.ActiveCfg = Debug|Any CPU
		{6A7C08E7-7969-4474-9B9E-24B678E55C2C}.Debug|Any CPU.Build.0 = Debug|Any CPU
		{6A7C08E7-7969-4474-9B9E-24B678E55C2C}.Release|Any CPU.ActiveCfg = Release|Any CPU
		{6A7C08E7-7969-4474-9B9E-24B678E55C2C}.Release|Any CPU.Build.0 = Release|Any CPU
		{E5C7F996-96BB-43EB-96B7-968CBAC26D4D}.Debug|Any CPU.ActiveCfg = Debug|Any CPU
		{E5C7F996-96BB-43EB-96B7-968CBAC26D4D}.Debug|Any CPU.Build.0 = Debug|Any CPU
		{E5C7F996-96BB-43EB-96B7-968CBAC26D4D}.Release|Any CPU.ActiveCfg = Release|Any CPU
		{E5C7F996-96BB-43EB-96B7-968CBAC26D4D}.Release|Any CPU.Build.0 = Release|Any CPU
		{1B8D03BE-1269-4687-80DA-03AEC7529A9F}.Debug|Any CPU.ActiveCfg = Debug|Any CPU
		{1B8D03BE-1269-4687-80DA-03AEC7529A9F}.Debug|Any CPU.Build.0 = Debug|Any CPU
		{1B8D03BE-1269-4687-80DA-03AEC7529A9F}.Release|Any CPU.ActiveCfg = Release|Any CPU
		{1B8D03BE-1269-4687-80DA-03AEC7529A9F}.Release|Any CPU.Build.0 = Release|Any CPU
		{485AF35D-F3C0-46AE-A5C5-3025C1653153}.Debug|Any CPU.ActiveCfg = Debug|Any CPU
		{485AF35D-F3C0-46AE-A5C5-3025C1653153}.Debug|Any CPU.Build.0 = Debug|Any CPU
		{485AF35D-F3C0-46AE-A5C5-3025C1653153}.Release|Any CPU.ActiveCfg = Release|Any CPU
		{485AF35D-F3C0-46AE-A5C5-3025C1653153}.Release|Any CPU.Build.0 = Release|Any CPU
	EndGlobalSection
	GlobalSection(SolutionProperties) = preSolution
		HideSolutionNode = FALSE
	EndGlobalSection
	GlobalSection(ExtensibilityGlobals) = postSolution
		SolutionGuid = {EE72AAE0-A23C-4919-85FA-7079B7688341}
	EndGlobalSection
EndGlobal
